{
	"requires": true,
	"lockfileVersion": 1,
	"dependencies": {
		"uni-read-pages": {
			"version": "1.0.5",
			"resolved": "https://registry.nlark.com/uni-read-pages/download/uni-read-pages-1.0.5.tgz",
			"integrity": "sha1-RSyNyqiXe7rvYAkJvpJsjZcEOHw="
		},
		"uni-simple-router": {
			"version": "2.0.7",
			"resolved": "https://registry.npmmirror.com/uni-simple-router/download/uni-simple-router-2.0.7.tgz",
			"integrity": "sha1-BOC1vmzXM6HsudNaPb6C8n9IIE4="
		}
	}
}
